github.com/divan/txqr v0.0.0-20181119102629-3cff2b166395 h1:q5WNDygkA+u6ZskyaVHzkQIo18oEZEPwDCx8X90Z3aQ=
github.com/divan/txqr v0.0.0-20181119102629-3cff2b166395/go.mod h1:3YWSIgErcbBUw9jLRlhWDBRi2gVzFnTQ44ENrhQ4k2w=
github.com/elazarl/go-bindata-assetfs v1.0.0/go.mod h1:v+YaWX3bdea5J/mo8dSETolEo7R71Vk1u8bnjau5yw4=
github.com/gopherjs/gopherjs v0.0.0-20181103185306-d547d1d9531e h1:JKmoR8x90Iww1ks85zJ1lfDGgIiMDuIptTOhJq+zKyg=
github.com/gopherjs/gopherjs v0.0.0-20181103185306-d547d1d9531e/go.mod h1:wJfORRmW1u3UXTncJ5qlYoELFm8eSnnEO6hX4iZ3EWY=
github.com/gopherjs/vecty v0.0.0-20180525005238-a3bd138280bf h1:J7WjKCdpxMhXDzFPP6d41YonnCnPi1JkYOFxIPoH1E0=
github.com/gopherjs/vecty v0.0.0-20180525005238-a3bd138280bf/go.mod h1:5YRDuy7i7SgM0kL+0b5oq+jfDTqPyzV3TQbcDkBvcoE=
github.com/gopherjs/websocket v0.0.0-20170522004412-87ee47603f13/go.mod h1:jd+zY81Fx2lC4bfw58+Rflg1srqmedQjbBUejKOjYNY=
github.com/gorilla/websocket v1.4.0/go.mod h1:E7qHFY5m1UJ88s3WnNqhKjPHQ0heANvMoAMk2YaljkQ=
github.com/iafan/goplayspace v0.0.0-20180626061624-a95e2732e81a h1:JmNmYzKOpAKKH4mrywhiVedMV27E1d2FLIMCAMcV6cY=
github.com/iafan/goplayspace v0.0.0-20180626061624-a95e2732e81a/go.mod h1:3BmdfhWCDpPkK7V8wPJXEll3OF6HhIxH+ls0GqfziDU=
github.com/magefile/mage v1.7.1 h1:g42XqBdUeWk9z67wahvc4QjL9eH/nNKjwrOP4GgX0Hw=
github.com/magefile/mage v1.7.1/go.mod h1:IUDi13rsHje59lecXokTfGX0QIzO45uVPlXnJYsXepA=
github.com/makiuchi-d/gozxing v0.0.0-20181111004219-a01698524e72 h1:hnSfRf2GSdQC/aOxI1ZNmqapRcgQfeld4ItWYGp+xLI=
github.com/makiuchi-d/gozxing v0.0.0-20181111004219-a01698524e72/go.mod h1:WoI7z45M7ZNA5BJxiJHaB+x7+k8S/3phW5Y13IR4yWY=
github.com/mdp/qrterminal v1.0.1/go.mod h1:Z33WhxQe9B6CdW37HaVqcRKzP+kByF3q/qLxOGe12xQ=
github.com/pyk/byten v0.0.0-20140925233358-f847a130bf6d/go.mod h1:El8LdwAxb76Ih0mRmpu9uMVq+ajiqGSxmYiUe+nSr+w=
github.com/skip2/go-qrcode v0.0.0-20171229120447-cf5f9fa2f0d8 h1:5C4yAeYifeRO+7z2/H2kxL8tJZE9ZE9LpxK6YUZPByo=
github.com/skip2/go-qrcode v0.0.0-20171229120447-cf5f9fa2f0d8/go.mod h1:PLPIyL7ikehBD1OAjmKKiOEhbvWyHGaNDjquXMcYABo=
golang.org/x/text v0.3.0 h1:g61tztE5qeGQ89tm6NTjjM9VPIm088od1l6aSorWRWg=
golang.org/x/text v0.3.0/go.mod h1:NqM8EUOU14njkJ3fqMW+pc6Ldnwhi/IjpwHt7yyuwOQ=
rsc.io/qr v0.2.0/go.mod h1:IF+uZjkb9fqyeF/4tlBoynqmQxUoPfWEKh921coOuXs=
